// !$*UTF8*$!
{
	archiveVersion = 1;
	classes = {
	};
	objectVersion = 56;
	objects = {

/* Begin PBXBuildFile section */
		1A0410562B82C2080080B9CB /* FeedStoreSpecs.swift in Sources */ = {isa = PBXBuildFile; fileRef = 1A0410552B82C2080080B9CB /* FeedStoreSpecs.swift */; };
		1A0410582B82C22D0080B9CB /* FailableDeleteFeedStoreSpecs.swift in Sources */ = {isa = PBXBuildFile; fileRef = 1A0410572B82C22D0080B9CB /* FailableDeleteFeedStoreSpecs.swift */; };
		1A04105A2B82C23C0080B9CB /* FailableInsertFeedStoreSpecs.swift in Sources */ = {isa = PBXBuildFile; fileRef = 1A0410592B82C23C0080B9CB /* FailableInsertFeedStoreSpecs.swift */; };
		1A04105C2B82C24C0080B9CB /* FailableRetrieveFeedStoreSpecs.swift in Sources */ = {isa = PBXBuildFile; fileRef = 1A04105B2B82C24C0080B9CB /* FailableRetrieveFeedStoreSpecs.swift */; };
		1A04105E2B82C2750080B9CB /* XCTestCase+FeedStoreSpecs.swift in Sources */ = {isa = PBXBuildFile; fileRef = 1A04105D2B82C2750080B9CB /* XCTestCase+FeedStoreSpecs.swift */; };
		1A3BE3E12B7FB9A100C6452D /* ValidateFeedCacheUseCaseTests.swift in Sources */ = {isa = PBXBuildFile; fileRef = 1A3BE3E02B7FB9A100C6452D /* ValidateFeedCacheUseCaseTests.swift */; };
		1A3BE3E32B7FB9D300C6452D /* SharedTestHelpers.swift in Sources */ = {isa = PBXBuildFile; fileRef = 1A3BE3E22B7FB9D300C6452D /* SharedTestHelpers.swift */; };
		1A3BE3E52B7FBA1400C6452D /* FeedCacheTestHelpers.swift in Sources */ = {isa = PBXBuildFile; fileRef = 1A3BE3E42B7FBA1400C6452D /* FeedCacheTestHelpers.swift */; };
		1A3BE3E72B7FBDC400C6452D /* FeedCachePolicy.swift in Sources */ = {isa = PBXBuildFile; fileRef = 1A3BE3E62B7FBDC400C6452D /* FeedCachePolicy.swift */; };
		1A3BE3E92B7FE0FE00C6452D /* CodableFeedStoreTests.swift in Sources */ = {isa = PBXBuildFile; fileRef = 1A3BE3E82B7FE0FE00C6452D /* CodableFeedStoreTests.swift */; };
		1A3BE3EB2B7FEA0400C6452D /* CodableFeedStore.swift in Sources */ = {isa = PBXBuildFile; fileRef = 1A3BE3EA2B7FEA0400C6452D /* CodableFeedStore.swift */; };
		1A86E6AB2B72F35800DA35ED /* EssentialFeed.framework in Frameworks */ = {isa = PBXBuildFile; fileRef = 1A86E6A22B72F35800DA35ED /* EssentialFeed.framework */; };
		1A86E6C22B72F43900DA35ED /* RemoteFeedLoader.swift in Sources */ = {isa = PBXBuildFile; fileRef = 1A86E6C12B72F43900DA35ED /* RemoteFeedLoader.swift */; };
		1A86E6C62B72F46700DA35ED /* FeedItemsMapper.swift in Sources */ = {isa = PBXBuildFile; fileRef = 1A86E6C52B72F46700DA35ED /* FeedItemsMapper.swift */; };
		1A86E6C82B72F47200DA35ED /* HTTPClient.swift in Sources */ = {isa = PBXBuildFile; fileRef = 1A86E6C72B72F47200DA35ED /* HTTPClient.swift */; };
		1A86E6CA2B72F47D00DA35ED /* URLSessionHTTPClient.swift in Sources */ = {isa = PBXBuildFile; fileRef = 1A86E6C92B72F47D00DA35ED /* URLSessionHTTPClient.swift */; };
		1A86E6CF2B72F4A100DA35ED /* FeedImage.swift in Sources */ = {isa = PBXBuildFile; fileRef = 1A86E6CE2B72F4A100DA35ED /* FeedImage.swift */; };
		1A86E6D12B72F4AB00DA35ED /* FeedLoader.swift in Sources */ = {isa = PBXBuildFile; fileRef = 1A86E6D02B72F4AB00DA35ED /* FeedLoader.swift */; };
		1A86E6D42B72F4CB00DA35ED /* LoadFeedFromRemoteUseCaseTests.swift in Sources */ = {isa = PBXBuildFile; fileRef = 1A86E6D32B72F4CB00DA35ED /* LoadFeedFromRemoteUseCaseTests.swift */; };
		1A86E6D82B72F4EF00DA35ED /* URLSessionHTTPClientTests.swift in Sources */ = {isa = PBXBuildFile; fileRef = 1A86E6D72B72F4EF00DA35ED /* URLSessionHTTPClientTests.swift */; };
		1A86E6DB2B72F50C00DA35ED /* XCTestCase+MemoryLeakTracking.swift in Sources */ = {isa = PBXBuildFile; fileRef = 1A86E6DA2B72F50C00DA35ED /* XCTestCase+MemoryLeakTracking.swift */; };
		1A86E6E32B72F5B500DA35ED /* EssentialFeedAPIEndToEndTests.swift in Sources */ = {isa = PBXBuildFile; fileRef = 1A86E6E22B72F5B500DA35ED /* EssentialFeedAPIEndToEndTests.swift */; };
		1A86E6E42B72F5B500DA35ED /* EssentialFeed.framework in Frameworks */ = {isa = PBXBuildFile; fileRef = 1A86E6A22B72F35800DA35ED /* EssentialFeed.framework */; };
		1A86E6EA2B72F5CC00DA35ED /* XCTestCase+MemoryLeakTracking.swift in Sources */ = {isa = PBXBuildFile; fileRef = 1A86E6DA2B72F50C00DA35ED /* XCTestCase+MemoryLeakTracking.swift */; };
		1A86E6F02B73A15000DA35ED /* CacheFeedUseCaseTests.swift in Sources */ = {isa = PBXBuildFile; fileRef = 1A86E6EF2B73A15000DA35ED /* CacheFeedUseCaseTests.swift */; };
		1A86E6F32B73A38000DA35ED /* LocalFeedLoader.swift in Sources */ = {isa = PBXBuildFile; fileRef = 1A86E6F22B73A38000DA35ED /* LocalFeedLoader.swift */; };
		1A86E6F52B73A3C000DA35ED /* FeedStore.swift in Sources */ = {isa = PBXBuildFile; fileRef = 1A86E6F42B73A3C000DA35ED /* FeedStore.swift */; };
		1A86E6F72B73A81000DA35ED /* RemoteFeedItem.swift in Sources */ = {isa = PBXBuildFile; fileRef = 1A86E6F62B73A81000DA35ED /* RemoteFeedItem.swift */; };
		1A86E6F92B73A95600DA35ED /* LocalFeedImage.swift in Sources */ = {isa = PBXBuildFile; fileRef = 1A86E6F82B73A95600DA35ED /* LocalFeedImage.swift */; };
		1A86E6FC2B73AFBA00DA35ED /* LoadFeedFromCacheUseCaseTests.swift in Sources */ = {isa = PBXBuildFile; fileRef = 1A86E6FB2B73AFBA00DA35ED /* LoadFeedFromCacheUseCaseTests.swift */; };
		1A86E6FF2B73AFDE00DA35ED /* FeedStoreSpy.swift in Sources */ = {isa = PBXBuildFile; fileRef = 1A86E6FE2B73AFDE00DA35ED /* FeedStoreSpy.swift */; };
		1AD295DA2B84005B0058F42B /* CoreDataFeedStoreTests.swift in Sources */ = {isa = PBXBuildFile; fileRef = 1AD295D92B84005B0058F42B /* CoreDataFeedStoreTests.swift */; };
		1AD295DE2B8400A90058F42B /* CoreDataFeedStore.swift in Sources */ = {isa = PBXBuildFile; fileRef = 1AD295DD2B8400A90058F42B /* CoreDataFeedStore.swift */; };
		1AD295E02B8400E70058F42B /* CoreDataHelpers.swift in Sources */ = {isa = PBXBuildFile; fileRef = 1AD295DF2B8400E70058F42B /* CoreDataHelpers.swift */; };
		1AD295E32B8401520058F42B /* ManagedCache.swift in Sources */ = {isa = PBXBuildFile; fileRef = 1AD295E22B8401520058F42B /* ManagedCache.swift */; };
		1AD295E52B8401640058F42B /* ManagedFeedImage.swift in Sources */ = {isa = PBXBuildFile; fileRef = 1AD295E42B8401640058F42B /* ManagedFeedImage.swift */; };
		1AD295EF2B8409120058F42B /* FeedStore.xcdatamodeld in Sources */ = {isa = PBXBuildFile; fileRef = 1AD295ED2B8409120058F42B /* FeedStore.xcdatamodeld */; };
		1AD296252B86CE2D0058F42B /* EssentialFeedCacheIntegrationTests.swift in Sources */ = {isa = PBXBuildFile; fileRef = 1AD296242B86CE2D0058F42B /* EssentialFeedCacheIntegrationTests.swift */; };
		1AD296262B86CE2D0058F42B /* EssentialFeed.framework in Frameworks */ = {isa = PBXBuildFile; fileRef = 1A86E6A22B72F35800DA35ED /* EssentialFeed.framework */; };
		1AD2962D2B876FD40058F42B /* XCTestCase+MemoryLeakTracking.swift in Sources */ = {isa = PBXBuildFile; fileRef = 1A86E6DA2B72F50C00DA35ED /* XCTestCase+MemoryLeakTracking.swift */; };
		1AD2962E2B876FE00058F42B /* FeedCacheTestHelpers.swift in Sources */ = {isa = PBXBuildFile; fileRef = 1A3BE3E42B7FBA1400C6452D /* FeedCacheTestHelpers.swift */; };
		1AD2962F2B876FE70058F42B /* SharedTestHelpers.swift in Sources */ = {isa = PBXBuildFile; fileRef = 1A3BE3E22B7FB9D300C6452D /* SharedTestHelpers.swift */; };
/* End PBXBuildFile section */

/* Begin PBXContainerItemProxy section */
		1A86E6AC2B72F35800DA35ED /* PBXContainerItemProxy */ = {
			isa = PBXContainerItemProxy;
			containerPortal = 1A86E6992B72F35800DA35ED /* Project object */;
			proxyType = 1;
			remoteGlobalIDString = 1A86E6A12B72F35800DA35ED;
			remoteInfo = EssentialFeed;
		};
		1A86E6E52B72F5B500DA35ED /* PBXContainerItemProxy */ = {
			isa = PBXContainerItemProxy;
			containerPortal = 1A86E6992B72F35800DA35ED /* Project object */;
			proxyType = 1;
			remoteGlobalIDString = 1A86E6A12B72F35800DA35ED;
			remoteInfo = EssentialFeed;
		};
		1AD296272B86CE2D0058F42B /* PBXContainerItemProxy */ = {
			isa = PBXContainerItemProxy;
			containerPortal = 1A86E6992B72F35800DA35ED /* Project object */;
			proxyType = 1;
			remoteGlobalIDString = 1A86E6A12B72F35800DA35ED;
			remoteInfo = EssentialFeed;
		};
/* End PBXContainerItemProxy section */

/* Begin PBXFileReference section */
		1A0410552B82C2080080B9CB /* FeedStoreSpecs.swift */ = {isa = PBXFileReference; lastKnownFileType = sourcecode.swift; path = FeedStoreSpecs.swift; sourceTree = "<group>"; };
		1A0410572B82C22D0080B9CB /* FailableDeleteFeedStoreSpecs.swift */ = {isa = PBXFileReference; lastKnownFileType = sourcecode.swift; path = FailableDeleteFeedStoreSpecs.swift; sourceTree = "<group>"; };
		1A0410592B82C23C0080B9CB /* FailableInsertFeedStoreSpecs.swift */ = {isa = PBXFileReference; lastKnownFileType = sourcecode.swift; path = FailableInsertFeedStoreSpecs.swift; sourceTree = "<group>"; };
		1A04105B2B82C24C0080B9CB /* FailableRetrieveFeedStoreSpecs.swift */ = {isa = PBXFileReference; lastKnownFileType = sourcecode.swift; path = FailableRetrieveFeedStoreSpecs.swift; sourceTree = "<group>"; };
		1A04105D2B82C2750080B9CB /* XCTestCase+FeedStoreSpecs.swift */ = {isa = PBXFileReference; lastKnownFileType = sourcecode.swift; path = "XCTestCase+FeedStoreSpecs.swift"; sourceTree = "<group>"; };
		1A3BE3E02B7FB9A100C6452D /* ValidateFeedCacheUseCaseTests.swift */ = {isa = PBXFileReference; lastKnownFileType = sourcecode.swift; path = ValidateFeedCacheUseCaseTests.swift; sourceTree = "<group>"; };
		1A3BE3E22B7FB9D300C6452D /* SharedTestHelpers.swift */ = {isa = PBXFileReference; lastKnownFileType = sourcecode.swift; path = SharedTestHelpers.swift; sourceTree = "<group>"; };
		1A3BE3E42B7FBA1400C6452D /* FeedCacheTestHelpers.swift */ = {isa = PBXFileReference; lastKnownFileType = sourcecode.swift; path = FeedCacheTestHelpers.swift; sourceTree = "<group>"; };
		1A3BE3E62B7FBDC400C6452D /* FeedCachePolicy.swift */ = {isa = PBXFileReference; lastKnownFileType = sourcecode.swift; path = FeedCachePolicy.swift; sourceTree = "<group>"; };
		1A3BE3E82B7FE0FE00C6452D /* CodableFeedStoreTests.swift */ = {isa = PBXFileReference; lastKnownFileType = sourcecode.swift; path = CodableFeedStoreTests.swift; sourceTree = "<group>"; };
		1A3BE3EA2B7FEA0400C6452D /* CodableFeedStore.swift */ = {isa = PBXFileReference; lastKnownFileType = sourcecode.swift; path = CodableFeedStore.swift; sourceTree = "<group>"; };
		1A86E6A22B72F35800DA35ED /* EssentialFeed.framework */ = {isa = PBXFileReference; explicitFileType = wrapper.framework; includeInIndex = 0; path = EssentialFeed.framework; sourceTree = BUILT_PRODUCTS_DIR; };
		1A86E6AA2B72F35800DA35ED /* EssentialFeedTests.xctest */ = {isa = PBXFileReference; explicitFileType = wrapper.cfbundle; includeInIndex = 0; path = EssentialFeedTests.xctest; sourceTree = BUILT_PRODUCTS_DIR; };
		1A86E6C12B72F43900DA35ED /* RemoteFeedLoader.swift */ = {isa = PBXFileReference; lastKnownFileType = sourcecode.swift; path = RemoteFeedLoader.swift; sourceTree = "<group>"; };
		1A86E6C52B72F46700DA35ED /* FeedItemsMapper.swift */ = {isa = PBXFileReference; lastKnownFileType = sourcecode.swift; path = FeedItemsMapper.swift; sourceTree = "<group>"; };
		1A86E6C72B72F47200DA35ED /* HTTPClient.swift */ = {isa = PBXFileReference; lastKnownFileType = sourcecode.swift; path = HTTPClient.swift; sourceTree = "<group>"; };
		1A86E6C92B72F47D00DA35ED /* URLSessionHTTPClient.swift */ = {isa = PBXFileReference; lastKnownFileType = sourcecode.swift; path = URLSessionHTTPClient.swift; sourceTree = "<group>"; };
		1A86E6CE2B72F4A100DA35ED /* FeedImage.swift */ = {isa = PBXFileReference; lastKnownFileType = sourcecode.swift; path = FeedImage.swift; sourceTree = "<group>"; };
		1A86E6D02B72F4AB00DA35ED /* FeedLoader.swift */ = {isa = PBXFileReference; lastKnownFileType = sourcecode.swift; path = FeedLoader.swift; sourceTree = "<group>"; };
		1A86E6D32B72F4CB00DA35ED /* LoadFeedFromRemoteUseCaseTests.swift */ = {isa = PBXFileReference; lastKnownFileType = sourcecode.swift; path = LoadFeedFromRemoteUseCaseTests.swift; sourceTree = "<group>"; };
		1A86E6D72B72F4EF00DA35ED /* URLSessionHTTPClientTests.swift */ = {isa = PBXFileReference; lastKnownFileType = sourcecode.swift; path = URLSessionHTTPClientTests.swift; sourceTree = "<group>"; };
		1A86E6DA2B72F50C00DA35ED /* XCTestCase+MemoryLeakTracking.swift */ = {isa = PBXFileReference; lastKnownFileType = sourcecode.swift; path = "XCTestCase+MemoryLeakTracking.swift"; sourceTree = "<group>"; };
		1A86E6E02B72F5B500DA35ED /* EssentialFeedAPIEndToEndTests.xctest */ = {isa = PBXFileReference; explicitFileType = wrapper.cfbundle; includeInIndex = 0; path = EssentialFeedAPIEndToEndTests.xctest; sourceTree = BUILT_PRODUCTS_DIR; };
		1A86E6E22B72F5B500DA35ED /* EssentialFeedAPIEndToEndTests.swift */ = {isa = PBXFileReference; lastKnownFileType = sourcecode.swift; path = EssentialFeedAPIEndToEndTests.swift; sourceTree = "<group>"; };
		1A86E6EB2B72F63E00DA35ED /* CI.xctestplan */ = {isa = PBXFileReference; lastKnownFileType = text; name = CI.xctestplan; path = EssentialFeed/CI.xctestplan; sourceTree = "<group>"; };
		1A86E6EF2B73A15000DA35ED /* CacheFeedUseCaseTests.swift */ = {isa = PBXFileReference; lastKnownFileType = sourcecode.swift; path = CacheFeedUseCaseTests.swift; sourceTree = "<group>"; };
		1A86E6F22B73A38000DA35ED /* LocalFeedLoader.swift */ = {isa = PBXFileReference; lastKnownFileType = sourcecode.swift; path = LocalFeedLoader.swift; sourceTree = "<group>"; };
		1A86E6F42B73A3C000DA35ED /* FeedStore.swift */ = {isa = PBXFileReference; lastKnownFileType = sourcecode.swift; path = FeedStore.swift; sourceTree = "<group>"; };
		1A86E6F62B73A81000DA35ED /* RemoteFeedItem.swift */ = {isa = PBXFileReference; lastKnownFileType = sourcecode.swift; path = RemoteFeedItem.swift; sourceTree = "<group>"; };
		1A86E6F82B73A95600DA35ED /* LocalFeedImage.swift */ = {isa = PBXFileReference; lastKnownFileType = sourcecode.swift; path = LocalFeedImage.swift; sourceTree = "<group>"; };
		1A86E6FA2B73A9FE00DA35ED /* EssentialFeedAPIEndToEndTests.xctestplan */ = {isa = PBXFileReference; lastKnownFileType = text; name = EssentialFeedAPIEndToEndTests.xctestplan; path = EssentialFeedAPIEndToEndTests/EssentialFeedAPIEndToEndTests.xctestplan; sourceTree = "<group>"; };
		1A86E6FB2B73AFBA00DA35ED /* LoadFeedFromCacheUseCaseTests.swift */ = {isa = PBXFileReference; lastKnownFileType = sourcecode.swift; path = LoadFeedFromCacheUseCaseTests.swift; sourceTree = "<group>"; };
		1A86E6FE2B73AFDE00DA35ED /* FeedStoreSpy.swift */ = {isa = PBXFileReference; lastKnownFileType = sourcecode.swift; path = FeedStoreSpy.swift; sourceTree = "<group>"; };
		1AD295D92B84005B0058F42B /* CoreDataFeedStoreTests.swift */ = {isa = PBXFileReference; lastKnownFileType = sourcecode.swift; path = CoreDataFeedStoreTests.swift; sourceTree = "<group>"; };
		1AD295DD2B8400A90058F42B /* CoreDataFeedStore.swift */ = {isa = PBXFileReference; lastKnownFileType = sourcecode.swift; path = CoreDataFeedStore.swift; sourceTree = "<group>"; };
		1AD295DF2B8400E70058F42B /* CoreDataHelpers.swift */ = {isa = PBXFileReference; lastKnownFileType = sourcecode.swift; path = CoreDataHelpers.swift; sourceTree = "<group>"; };
		1AD295E22B8401520058F42B /* ManagedCache.swift */ = {isa = PBXFileReference; lastKnownFileType = sourcecode.swift; path = ManagedCache.swift; sourceTree = "<group>"; };
		1AD295E42B8401640058F42B /* ManagedFeedImage.swift */ = {isa = PBXFileReference; lastKnownFileType = sourcecode.swift; path = ManagedFeedImage.swift; sourceTree = "<group>"; };
		1AD295EE2B8409120058F42B /* FeedStore.xcdatamodel */ = {isa = PBXFileReference; lastKnownFileType = wrapper.xcdatamodel; path = FeedStore.xcdatamodel; sourceTree = "<group>"; };
		1AD296222B86CE2D0058F42B /* EssentialFeedCacheIntegrationTests.xctest */ = {isa = PBXFileReference; explicitFileType = wrapper.cfbundle; includeInIndex = 0; path = EssentialFeedCacheIntegrationTests.xctest; sourceTree = BUILT_PRODUCTS_DIR; };
		1AD296242B86CE2D0058F42B /* EssentialFeedCacheIntegrationTests.swift */ = {isa = PBXFileReference; lastKnownFileType = sourcecode.swift; path = EssentialFeedCacheIntegrationTests.swift; sourceTree = "<group>"; };
		1AD2962C2B86CE710058F42B /* EssentialFeedCacheIntegrationTests.xctestplan */ = {isa = PBXFileReference; lastKnownFileType = text; name = EssentialFeedCacheIntegrationTests.xctestplan; path = EssentialFeedCacheIntegrationTests/EssentialFeedCacheIntegrationTests.xctestplan; sourceTree = "<group>"; };
/* End PBXFileReference section */

/* Begin PBXFrameworksBuildPhase section */
		1A86E69F2B72F35800DA35ED /* Frameworks */ = {
			isa = PBXFrameworksBuildPhase;
			buildActionMask = 2147483647;
			files = (
			);
			runOnlyForDeploymentPostprocessing = 0;
		};
		1A86E6A72B72F35800DA35ED /* Frameworks */ = {
			isa = PBXFrameworksBuildPhase;
			buildActionMask = 2147483647;
			files = (
				1A86E6AB2B72F35800DA35ED /* EssentialFeed.framework in Frameworks */,
			);
			runOnlyForDeploymentPostprocessing = 0;
		};
		1A86E6DD2B72F5B500DA35ED /* Frameworks */ = {
			isa = PBXFrameworksBuildPhase;
			buildActionMask = 2147483647;
			files = (
				1A86E6E42B72F5B500DA35ED /* EssentialFeed.framework in Frameworks */,
			);
			runOnlyForDeploymentPostprocessing = 0;
		};
		1AD2961F2B86CE2D0058F42B /* Frameworks */ = {
			isa = PBXFrameworksBuildPhase;
			buildActionMask = 2147483647;
			files = (
				1AD296262B86CE2D0058F42B /* EssentialFeed.framework in Frameworks */,
			);
			runOnlyForDeploymentPostprocessing = 0;
		};
/* End PBXFrameworksBuildPhase section */

/* Begin PBXGroup section */
		1A0410542B82C1F80080B9CB /* Feed Store Specs */ = {
			isa = PBXGroup;
			children = (
				1A0410552B82C2080080B9CB /* FeedStoreSpecs.swift */,
				1A0410572B82C22D0080B9CB /* FailableDeleteFeedStoreSpecs.swift */,
				1A0410592B82C23C0080B9CB /* FailableInsertFeedStoreSpecs.swift */,
				1A04105B2B82C24C0080B9CB /* FailableRetrieveFeedStoreSpecs.swift */,
				1A04105D2B82C2750080B9CB /* XCTestCase+FeedStoreSpecs.swift */,
			);
			path = "Feed Store Specs";
			sourceTree = "<group>";
		};
		1A86E6982B72F35800DA35ED = {
			isa = PBXGroup;
			children = (
				1AD2962C2B86CE710058F42B /* EssentialFeedCacheIntegrationTests.xctestplan */,
				1A86E6FA2B73A9FE00DA35ED /* EssentialFeedAPIEndToEndTests.xctestplan */,
				1A86E6EB2B72F63E00DA35ED /* CI.xctestplan */,
				1A86E6A42B72F35800DA35ED /* EssentialFeed */,
				1A86E6AE2B72F35800DA35ED /* EssentialFeedTests */,
				1A86E6E12B72F5B500DA35ED /* EssentialFeedAPIEndToEndTests */,
				1AD296232B86CE2D0058F42B /* EssentialFeedCacheIntegrationTests */,
				1A86E6A32B72F35800DA35ED /* Products */,
			);
			sourceTree = "<group>";
		};
		1A86E6A32B72F35800DA35ED /* Products */ = {
			isa = PBXGroup;
			children = (
				1A86E6A22B72F35800DA35ED /* EssentialFeed.framework */,
				1A86E6AA2B72F35800DA35ED /* EssentialFeedTests.xctest */,
				1A86E6E02B72F5B500DA35ED /* EssentialFeedAPIEndToEndTests.xctest */,
				1AD296222B86CE2D0058F42B /* EssentialFeedCacheIntegrationTests.xctest */,
			);
			name = Products;
			sourceTree = "<group>";
		};
		1A86E6A42B72F35800DA35ED /* EssentialFeed */ = {
			isa = PBXGroup;
			children = (
				1A86E6F12B73A37400DA35ED /* Feed Cache */,
				1A86E6CB2B72F48D00DA35ED /* Feed Feature */,
				1A86E6C02B72F42F00DA35ED /* Feed API */,
			);
			path = EssentialFeed;
			sourceTree = "<group>";
		};
		1A86E6AE2B72F35800DA35ED /* EssentialFeedTests */ = {
			isa = PBXGroup;
			children = (
				1A86E6D92B72F50000DA35ED /* Helpers */,
				1A86E6EE2B73A14900DA35ED /* Feed Cache */,
				1A86E6D22B72F4BB00DA35ED /* Feed API */,
			);
			path = EssentialFeedTests;
			sourceTree = "<group>";
		};
		1A86E6C02B72F42F00DA35ED /* Feed API */ = {
			isa = PBXGroup;
			children = (
				1A86E6C12B72F43900DA35ED /* RemoteFeedLoader.swift */,
				1A86E6C52B72F46700DA35ED /* FeedItemsMapper.swift */,
				1A86E6C72B72F47200DA35ED /* HTTPClient.swift */,
				1A86E6C92B72F47D00DA35ED /* URLSessionHTTPClient.swift */,
				1A86E6F62B73A81000DA35ED /* RemoteFeedItem.swift */,
			);
			path = "Feed API";
			sourceTree = "<group>";
		};
		1A86E6CB2B72F48D00DA35ED /* Feed Feature */ = {
			isa = PBXGroup;
			children = (
				1A86E6CE2B72F4A100DA35ED /* FeedImage.swift */,
				1A86E6D02B72F4AB00DA35ED /* FeedLoader.swift */,
			);
			path = "Feed Feature";
			sourceTree = "<group>";
		};
		1A86E6D22B72F4BB00DA35ED /* Feed API */ = {
			isa = PBXGroup;
			children = (
				1A86E6D32B72F4CB00DA35ED /* LoadFeedFromRemoteUseCaseTests.swift */,
				1A86E6D72B72F4EF00DA35ED /* URLSessionHTTPClientTests.swift */,
			);
			path = "Feed API";
			sourceTree = "<group>";
		};
		1A86E6D92B72F50000DA35ED /* Helpers */ = {
			isa = PBXGroup;
			children = (
				1A86E6DA2B72F50C00DA35ED /* XCTestCase+MemoryLeakTracking.swift */,
				1A3BE3E22B7FB9D300C6452D /* SharedTestHelpers.swift */,
			);
			path = Helpers;
			sourceTree = "<group>";
		};
		1A86E6E12B72F5B500DA35ED /* EssentialFeedAPIEndToEndTests */ = {
			isa = PBXGroup;
			children = (
				1A86E6E22B72F5B500DA35ED /* EssentialFeedAPIEndToEndTests.swift */,
			);
			path = EssentialFeedAPIEndToEndTests;
			sourceTree = "<group>";
		};
		1A86E6EE2B73A14900DA35ED /* Feed Cache */ = {
			isa = PBXGroup;
			children = (
				1A0410542B82C1F80080B9CB /* Feed Store Specs */,
				1A86E6FD2B73AFD300DA35ED /* Helpers */,
				1A86E6EF2B73A15000DA35ED /* CacheFeedUseCaseTests.swift */,
				1A86E6FB2B73AFBA00DA35ED /* LoadFeedFromCacheUseCaseTests.swift */,
				1A3BE3E02B7FB9A100C6452D /* ValidateFeedCacheUseCaseTests.swift */,
				1A3BE3E82B7FE0FE00C6452D /* CodableFeedStoreTests.swift */,
				1AD295D92B84005B0058F42B /* CoreDataFeedStoreTests.swift */,
			);
			path = "Feed Cache";
			sourceTree = "<group>";
		};
		1A86E6F12B73A37400DA35ED /* Feed Cache */ = {
			isa = PBXGroup;
			children = (
				1AD295EC2B8408D10058F42B /* Infrastructure */,
				1AD295DB2B84007B0058F42B /* Codable */,
				1A86E6F22B73A38000DA35ED /* LocalFeedLoader.swift */,
				1A86E6F42B73A3C000DA35ED /* FeedStore.swift */,
				1A86E6F82B73A95600DA35ED /* LocalFeedImage.swift */,
				1A3BE3E62B7FBDC400C6452D /* FeedCachePolicy.swift */,
			);
			path = "Feed Cache";
			sourceTree = "<group>";
		};
		1A86E6FD2B73AFD300DA35ED /* Helpers */ = {
			isa = PBXGroup;
			children = (
				1A86E6FE2B73AFDE00DA35ED /* FeedStoreSpy.swift */,
				1A3BE3E42B7FBA1400C6452D /* FeedCacheTestHelpers.swift */,
			);
			path = Helpers;
			sourceTree = "<group>";
		};
		1AD295DB2B84007B0058F42B /* Codable */ = {
			isa = PBXGroup;
			children = (
				1A3BE3EA2B7FEA0400C6452D /* CodableFeedStore.swift */,
			);
			path = Codable;
			sourceTree = "<group>";
		};
		1AD295DC2B84009C0058F42B /* Core Data */ = {
			isa = PBXGroup;
			children = (
				1AD295E42B8401640058F42B /* ManagedFeedImage.swift */,
				1AD295E22B8401520058F42B /* ManagedCache.swift */,
				1AD295DD2B8400A90058F42B /* CoreDataFeedStore.swift */,
				1AD295DF2B8400E70058F42B /* CoreDataHelpers.swift */,
				1AD295ED2B8409120058F42B /* FeedStore.xcdatamodeld */,
			);
			path = "Core Data";
			sourceTree = "<group>";
		};
		1AD295EC2B8408D10058F42B /* Infrastructure */ = {
			isa = PBXGroup;
			children = (
				1AD295DC2B84009C0058F42B /* Core Data */,
			);
			path = Infrastructure;
			sourceTree = "<group>";
		};
		1AD296232B86CE2D0058F42B /* EssentialFeedCacheIntegrationTests */ = {
			isa = PBXGroup;
			children = (
				1AD296242B86CE2D0058F42B /* EssentialFeedCacheIntegrationTests.swift */,
			);
			path = EssentialFeedCacheIntegrationTests;
			sourceTree = "<group>";
		};
/* End PBXGroup section */

/* Begin PBXHeadersBuildPhase section */
		1A86E69D2B72F35800DA35ED /* Headers */ = {
			isa = PBXHeadersBuildPhase;
			buildActionMask = 2147483647;
			files = (
			);
			runOnlyForDeploymentPostprocessing = 0;
		};
/* End PBXHeadersBuildPhase section */

/* Begin PBXNativeTarget section */
		1A86E6A12B72F35800DA35ED /* EssentialFeed */ = {
			isa = PBXNativeTarget;
			buildConfigurationList = 1A86E6B42B72F35800DA35ED /* Build configuration list for PBXNativeTarget "EssentialFeed" */;
			buildPhases = (
				1A86E69D2B72F35800DA35ED /* Headers */,
				1A86E69E2B72F35800DA35ED /* Sources */,
				1A86E69F2B72F35800DA35ED /* Frameworks */,
				1A86E6A02B72F35800DA35ED /* Resources */,
			);
			buildRules = (
			);
			dependencies = (
			);
			name = EssentialFeed;
			productName = EssentialFeed;
			productReference = 1A86E6A22B72F35800DA35ED /* EssentialFeed.framework */;
			productType = "com.apple.product-type.framework";
		};
		1A86E6A92B72F35800DA35ED /* EssentialFeedTests */ = {
			isa = PBXNativeTarget;
			buildConfigurationList = 1A86E6B72B72F35800DA35ED /* Build configuration list for PBXNativeTarget "EssentialFeedTests" */;
			buildPhases = (
				1A86E6A62B72F35800DA35ED /* Sources */,
				1A86E6A72B72F35800DA35ED /* Frameworks */,
				1A86E6A82B72F35800DA35ED /* Resources */,
			);
			buildRules = (
			);
			dependencies = (
				1A86E6AD2B72F35800DA35ED /* PBXTargetDependency */,
			);
			name = EssentialFeedTests;
			productName = EssentialFeedTests;
			productReference = 1A86E6AA2B72F35800DA35ED /* EssentialFeedTests.xctest */;
			productType = "com.apple.product-type.bundle.unit-test";
		};
		1A86E6DF2B72F5B500DA35ED /* EssentialFeedAPIEndToEndTests */ = {
			isa = PBXNativeTarget;
			buildConfigurationList = 1A86E6E72B72F5B500DA35ED /* Build configuration list for PBXNativeTarget "EssentialFeedAPIEndToEndTests" */;
			buildPhases = (
				1A86E6DC2B72F5B500DA35ED /* Sources */,
				1A86E6DD2B72F5B500DA35ED /* Frameworks */,
				1A86E6DE2B72F5B500DA35ED /* Resources */,
			);
			buildRules = (
			);
			dependencies = (
				1A86E6E62B72F5B500DA35ED /* PBXTargetDependency */,
			);
			name = EssentialFeedAPIEndToEndTests;
			productName = EssentialFeedAPIEndToEndTests;
			productReference = 1A86E6E02B72F5B500DA35ED /* EssentialFeedAPIEndToEndTests.xctest */;
			productType = "com.apple.product-type.bundle.unit-test";
		};
		1AD296212B86CE2D0058F42B /* EssentialFeedCacheIntegrationTests */ = {
			isa = PBXNativeTarget;
			buildConfigurationList = 1AD2962B2B86CE2D0058F42B /* Build configuration list for PBXNativeTarget "EssentialFeedCacheIntegrationTests" */;
			buildPhases = (
				1AD2961E2B86CE2D0058F42B /* Sources */,
				1AD2961F2B86CE2D0058F42B /* Frameworks */,
				1AD296202B86CE2D0058F42B /* Resources */,
			);
			buildRules = (
			);
			dependencies = (
				1AD296282B86CE2D0058F42B /* PBXTargetDependency */,
			);
			name = EssentialFeedCacheIntegrationTests;
			productName = EssentialFeedCacheIntegrationTests;
			productReference = 1AD296222B86CE2D0058F42B /* EssentialFeedCacheIntegrationTests.xctest */;
			productType = "com.apple.product-type.bundle.unit-test";
		};
/* End PBXNativeTarget section */

/* Begin PBXProject section */
		1A86E6992B72F35800DA35ED /* Project object */ = {
			isa = PBXProject;
			attributes = {
				BuildIndependentTargetsInParallel = 1;
				LastSwiftUpdateCheck = 1500;
				LastUpgradeCheck = 1500;
				TargetAttributes = {
					1A86E6A12B72F35800DA35ED = {
						CreatedOnToolsVersion = 15.0.1;
						LastSwiftMigration = 1500;
					};
					1A86E6A92B72F35800DA35ED = {
						CreatedOnToolsVersion = 15.0.1;
						LastSwiftMigration = 1500;
					};
					1A86E6DF2B72F5B500DA35ED = {
						CreatedOnToolsVersion = 15.0.1;
					};
					1AD296212B86CE2D0058F42B = {
						CreatedOnToolsVersion = 15.0.1;
					};
				};
			};
			buildConfigurationList = 1A86E69C2B72F35800DA35ED /* Build configuration list for PBXProject "EssentialFeed" */;
			compatibilityVersion = "Xcode 14.0";
			developmentRegion = en;
			hasScannedForEncodings = 0;
			knownRegions = (
				en,
				Base,
			);
			mainGroup = 1A86E6982B72F35800DA35ED;
			productRefGroup = 1A86E6A32B72F35800DA35ED /* Products */;
			projectDirPath = "";
			projectRoot = "";
			targets = (
				1A86E6A12B72F35800DA35ED /* EssentialFeed */,
				1A86E6A92B72F35800DA35ED /* EssentialFeedTests */,
				1A86E6DF2B72F5B500DA35ED /* EssentialFeedAPIEndToEndTests */,
				1AD296212B86CE2D0058F42B /* EssentialFeedCacheIntegrationTests */,
			);
		};
/* End PBXProject section */

/* Begin PBXResourcesBuildPhase section */
		1A86E6A02B72F35800DA35ED /* Resources */ = {
			isa = PBXResourcesBuildPhase;
			buildActionMask = 2147483647;
			files = (
			);
			runOnlyForDeploymentPostprocessing = 0;
		};
		1A86E6A82B72F35800DA35ED /* Resources */ = {
			isa = PBXResourcesBuildPhase;
			buildActionMask = 2147483647;
			files = (
			);
			runOnlyForDeploymentPostprocessing = 0;
		};
		1A86E6DE2B72F5B500DA35ED /* Resources */ = {
			isa = PBXResourcesBuildPhase;
			buildActionMask = 2147483647;
			files = (
			);
			runOnlyForDeploymentPostprocessing = 0;
		};
		1AD296202B86CE2D0058F42B /* Resources */ = {
			isa = PBXResourcesBuildPhase;
			buildActionMask = 2147483647;
			files = (
			);
			runOnlyForDeploymentPostprocessing = 0;
		};
/* End PBXResourcesBuildPhase section */

/* Begin PBXSourcesBuildPhase section */
		1A86E69E2B72F35800DA35ED /* Sources */ = {
			isa = PBXSourcesBuildPhase;
			buildActionMask = 2147483647;
			files = (
				1AD295E32B8401520058F42B /* ManagedCache.swift in Sources */,
				1A86E6D12B72F4AB00DA35ED /* FeedLoader.swift in Sources */,
				1A86E6C22B72F43900DA35ED /* RemoteFeedLoader.swift in Sources */,
				1A86E6F72B73A81000DA35ED /* RemoteFeedItem.swift in Sources */,
				1A3BE3E72B7FBDC400C6452D /* FeedCachePolicy.swift in Sources */,
				1AD295E52B8401640058F42B /* ManagedFeedImage.swift in Sources */,
				1AD295EF2B8409120058F42B /* FeedStore.xcdatamodeld in Sources */,
				1AD295E02B8400E70058F42B /* CoreDataHelpers.swift in Sources */,
				1A86E6F92B73A95600DA35ED /* LocalFeedImage.swift in Sources */,
				1A86E6C62B72F46700DA35ED /* FeedItemsMapper.swift in Sources */,
				1A86E6F52B73A3C000DA35ED /* FeedStore.swift in Sources */,
				1A86E6F32B73A38000DA35ED /* LocalFeedLoader.swift in Sources */,
				1A3BE3EB2B7FEA0400C6452D /* CodableFeedStore.swift in Sources */,
				1A86E6C82B72F47200DA35ED /* HTTPClient.swift in Sources */,
				1A86E6CF2B72F4A100DA35ED /* FeedImage.swift in Sources */,
				1A86E6CA2B72F47D00DA35ED /* URLSessionHTTPClient.swift in Sources */,
				1AD295DE2B8400A90058F42B /* CoreDataFeedStore.swift in Sources */,
			);
			runOnlyForDeploymentPostprocessing = 0;
		};
		1A86E6A62B72F35800DA35ED /* Sources */ = {
			isa = PBXSourcesBuildPhase;
			buildActionMask = 2147483647;
			files = (
				1A3BE3E92B7FE0FE00C6452D /* CodableFeedStoreTests.swift in Sources */,
				1A04105A2B82C23C0080B9CB /* FailableInsertFeedStoreSpecs.swift in Sources */,
				1A04105C2B82C24C0080B9CB /* FailableRetrieveFeedStoreSpecs.swift in Sources */,
				1A3BE3E12B7FB9A100C6452D /* ValidateFeedCacheUseCaseTests.swift in Sources */,
				1A86E6D42B72F4CB00DA35ED /* LoadFeedFromRemoteUseCaseTests.swift in Sources */,
				1A86E6D82B72F4EF00DA35ED /* URLSessionHTTPClientTests.swift in Sources */,
				1A86E6FF2B73AFDE00DA35ED /* FeedStoreSpy.swift in Sources */,
				1A3BE3E52B7FBA1400C6452D /* FeedCacheTestHelpers.swift in Sources */,
				1A04105E2B82C2750080B9CB /* XCTestCase+FeedStoreSpecs.swift in Sources */,
				1A3BE3E32B7FB9D300C6452D /* SharedTestHelpers.swift in Sources */,
				1A0410582B82C22D0080B9CB /* FailableDeleteFeedStoreSpecs.swift in Sources */,
				1A86E6F02B73A15000DA35ED /* CacheFeedUseCaseTests.swift in Sources */,
				1A86E6FC2B73AFBA00DA35ED /* LoadFeedFromCacheUseCaseTests.swift in Sources */,
				1A0410562B82C2080080B9CB /* FeedStoreSpecs.swift in Sources */,
				1AD295DA2B84005B0058F42B /* CoreDataFeedStoreTests.swift in Sources */,
				1A86E6DB2B72F50C00DA35ED /* XCTestCase+MemoryLeakTracking.swift in Sources */,
			);
			runOnlyForDeploymentPostprocessing = 0;
		};
		1A86E6DC2B72F5B500DA35ED /* Sources */ = {
			isa = PBXSourcesBuildPhase;
			buildActionMask = 2147483647;
			files = (
				1A86E6E32B72F5B500DA35ED /* EssentialFeedAPIEndToEndTests.swift in Sources */,
				1A86E6EA2B72F5CC00DA35ED /* XCTestCase+MemoryLeakTracking.swift in Sources */,
			);
			runOnlyForDeploymentPostprocessing = 0;
		};
		1AD2961E2B86CE2D0058F42B /* Sources */ = {
			isa = PBXSourcesBuildPhase;
			buildActionMask = 2147483647;
			files = (
				1AD2962F2B876FE70058F42B /* SharedTestHelpers.swift in Sources */,
				1AD296252B86CE2D0058F42B /* EssentialFeedCacheIntegrationTests.swift in Sources */,
				1AD2962E2B876FE00058F42B /* FeedCacheTestHelpers.swift in Sources */,
				1AD2962D2B876FD40058F42B /* XCTestCase+MemoryLeakTracking.swift in Sources */,
			);
			runOnlyForDeploymentPostprocessing = 0;
		};
/* End PBXSourcesBuildPhase section */

/* Begin PBXTargetDependency section */
		1A86E6AD2B72F35800DA35ED /* PBXTargetDependency */ = {
			isa = PBXTargetDependency;
			target = 1A86E6A12B72F35800DA35ED /* EssentialFeed */;
			targetProxy = 1A86E6AC2B72F35800DA35ED /* PBXContainerItemProxy */;
		};
		1A86E6E62B72F5B500DA35ED /* PBXTargetDependency */ = {
			isa = PBXTargetDependency;
			target = 1A86E6A12B72F35800DA35ED /* EssentialFeed */;
			targetProxy = 1A86E6E52B72F5B500DA35ED /* PBXContainerItemProxy */;
		};
		1AD296282B86CE2D0058F42B /* PBXTargetDependency */ = {
			isa = PBXTargetDependency;
			target = 1A86E6A12B72F35800DA35ED /* EssentialFeed */;
			targetProxy = 1AD296272B86CE2D0058F42B /* PBXContainerItemProxy */;
		};
/* End PBXTargetDependency section */

/* Begin XCBuildConfiguration section */
		1A86E6B22B72F35800DA35ED /* Debug */ = {
			isa = XCBuildConfiguration;
			buildSettings = {
				ALWAYS_SEARCH_USER_PATHS = NO;
				ASSETCATALOG_COMPILER_GENERATE_SWIFT_ASSET_SYMBOL_EXTENSIONS = YES;
				CLANG_ANALYZER_NONNULL = YES;
				CLANG_ANALYZER_NUMBER_OBJECT_CONVERSION = YES_AGGRESSIVE;
				CLANG_CXX_LANGUAGE_STANDARD = "gnu++20";
				CLANG_ENABLE_MODULES = YES;
				CLANG_ENABLE_OBJC_ARC = YES;
				CLANG_ENABLE_OBJC_WEAK = YES;
				CLANG_WARN_BLOCK_CAPTURE_AUTORELEASING = YES;
				CLANG_WARN_BOOL_CONVERSION = YES;
				CLANG_WARN_COMMA = YES;
				CLANG_WARN_CONSTANT_CONVERSION = YES;
				CLANG_WARN_DEPRECATED_OBJC_IMPLEMENTATIONS = YES;
				CLANG_WARN_DIRECT_OBJC_ISA_USAGE = YES_ERROR;
				CLANG_WARN_DOCUMENTATION_COMMENTS = YES;
				CLANG_WARN_EMPTY_BODY = YES;
				CLANG_WARN_ENUM_CONVERSION = YES;
				CLANG_WARN_INFINITE_RECURSION = YES;
				CLANG_WARN_INT_CONVERSION = YES;
				CLANG_WARN_NON_LITERAL_NULL_CONVERSION = YES;
				CLANG_WARN_OBJC_IMPLICIT_RETAIN_SELF = YES;
				CLANG_WARN_OBJC_LITERAL_CONVERSION = YES;
				CLANG_WARN_OBJC_ROOT_CLASS = YES_ERROR;
				CLANG_WARN_QUOTED_INCLUDE_IN_FRAMEWORK_HEADER = YES;
				CLANG_WARN_RANGE_LOOP_ANALYSIS = YES;
				CLANG_WARN_STRICT_PROTOTYPES = YES;
				CLANG_WARN_SUSPICIOUS_MOVE = YES;
				CLANG_WARN_UNGUARDED_AVAILABILITY = YES_AGGRESSIVE;
				CLANG_WARN_UNREACHABLE_CODE = YES;
				CLANG_WARN__DUPLICATE_METHOD_MATCH = YES;
				COPY_PHASE_STRIP = NO;
				CURRENT_PROJECT_VERSION = 1;
				DEBUG_INFORMATION_FORMAT = dwarf;
				ENABLE_STRICT_OBJC_MSGSEND = YES;
				ENABLE_TESTABILITY = YES;
				ENABLE_USER_SCRIPT_SANDBOXING = YES;
				GCC_C_LANGUAGE_STANDARD = gnu17;
				GCC_DYNAMIC_NO_PIC = NO;
				GCC_NO_COMMON_BLOCKS = YES;
				GCC_OPTIMIZATION_LEVEL = 0;
				GCC_PREPROCESSOR_DEFINITIONS = (
					"DEBUG=1",
					"$(inherited)",
				);
				GCC_WARN_64_TO_32_BIT_CONVERSION = YES;
				GCC_WARN_ABOUT_RETURN_TYPE = YES_ERROR;
				GCC_WARN_UNDECLARED_SELECTOR = YES;
				GCC_WARN_UNINITIALIZED_AUTOS = YES_AGGRESSIVE;
				GCC_WARN_UNUSED_FUNCTION = YES;
				GCC_WARN_UNUSED_VARIABLE = YES;
				LOCALIZATION_PREFERS_STRING_CATALOGS = YES;
				MACOSX_DEPLOYMENT_TARGET = 14.0;
				MTL_ENABLE_DEBUG_INFO = INCLUDE_SOURCE;
				MTL_FAST_MATH = YES;
				ONLY_ACTIVE_ARCH = YES;
				SDKROOT = macosx;
				SWIFT_ACTIVE_COMPILATION_CONDITIONS = "DEBUG $(inherited)";
				SWIFT_OPTIMIZATION_LEVEL = "-Onone";
				VERSIONING_SYSTEM = "apple-generic";
				VERSION_INFO_PREFIX = "";
			};
			name = Debug;
		};
		1A86E6B32B72F35800DA35ED /* Release */ = {
			isa = XCBuildConfiguration;
			buildSettings = {
				ALWAYS_SEARCH_USER_PATHS = NO;
				ASSETCATALOG_COMPILER_GENERATE_SWIFT_ASSET_SYMBOL_EXTENSIONS = YES;
				CLANG_ANALYZER_NONNULL = YES;
				CLANG_ANALYZER_NUMBER_OBJECT_CONVERSION = YES_AGGRESSIVE;
				CLANG_CXX_LANGUAGE_STANDARD = "gnu++20";
				CLANG_ENABLE_MODULES = YES;
				CLANG_ENABLE_OBJC_ARC = YES;
				CLANG_ENABLE_OBJC_WEAK = YES;
				CLANG_WARN_BLOCK_CAPTURE_AUTORELEASING = YES;
				CLANG_WARN_BOOL_CONVERSION = YES;
				CLANG_WARN_COMMA = YES;
				CLANG_WARN_CONSTANT_CONVERSION = YES;
				CLANG_WARN_DEPRECATED_OBJC_IMPLEMENTATIONS = YES;
				CLANG_WARN_DIRECT_OBJC_ISA_USAGE = YES_ERROR;
				CLANG_WARN_DOCUMENTATION_COMMENTS = YES;
				CLANG_WARN_EMPTY_BODY = YES;
				CLANG_WARN_ENUM_CONVERSION = YES;
				CLANG_WARN_INFINITE_RECURSION = YES;
				CLANG_WARN_INT_CONVERSION = YES;
				CLANG_WARN_NON_LITERAL_NULL_CONVERSION = YES;
				CLANG_WARN_OBJC_IMPLICIT_RETAIN_SELF = YES;
				CLANG_WARN_OBJC_LITERAL_CONVERSION = YES;
				CLANG_WARN_OBJC_ROOT_CLASS = YES_ERROR;
				CLANG_WARN_QUOTED_INCLUDE_IN_FRAMEWORK_HEADER = YES;
				CLANG_WARN_RANGE_LOOP_ANALYSIS = YES;
				CLANG_WARN_STRICT_PROTOTYPES = YES;
				CLANG_WARN_SUSPICIOUS_MOVE = YES;
				CLANG_WARN_UNGUARDED_AVAILABILITY = YES_AGGRESSIVE;
				CLANG_WARN_UNREACHABLE_CODE = YES;
				CLANG_WARN__DUPLICATE_METHOD_MATCH = YES;
				COPY_PHASE_STRIP = NO;
				CURRENT_PROJECT_VERSION = 1;
				DEBUG_INFORMATION_FORMAT = "dwarf-with-dsym";
				ENABLE_NS_ASSERTIONS = NO;
				ENABLE_STRICT_OBJC_MSGSEND = YES;
				ENABLE_USER_SCRIPT_SANDBOXING = YES;
				GCC_C_LANGUAGE_STANDARD = gnu17;
				GCC_NO_COMMON_BLOCKS = YES;
				GCC_WARN_64_TO_32_BIT_CONVERSION = YES;
				GCC_WARN_ABOUT_RETURN_TYPE = YES_ERROR;
				GCC_WARN_UNDECLARED_SELECTOR = YES;
				GCC_WARN_UNINITIALIZED_AUTOS = YES_AGGRESSIVE;
				GCC_WARN_UNUSED_FUNCTION = YES;
				GCC_WARN_UNUSED_VARIABLE = YES;
				LOCALIZATION_PREFERS_STRING_CATALOGS = YES;
				MACOSX_DEPLOYMENT_TARGET = 14.0;
				MTL_ENABLE_DEBUG_INFO = NO;
				MTL_FAST_MATH = YES;
				SDKROOT = macosx;
				SWIFT_COMPILATION_MODE = wholemodule;
				VERSIONING_SYSTEM = "apple-generic";
				VERSION_INFO_PREFIX = "";
			};
			name = Release;
		};
		1A86E6B52B72F35800DA35ED /* Debug */ = {
			isa = XCBuildConfiguration;
			buildSettings = {
				CLANG_ENABLE_MODULES = YES;
				CODE_SIGN_STYLE = Automatic;
				COMBINE_HIDPI_IMAGES = YES;
				CURRENT_PROJECT_VERSION = 1;
				DEFINES_MODULE = YES;
				DEVELOPMENT_TEAM = 272247UTKJ;
				DYLIB_COMPATIBILITY_VERSION = 1;
				DYLIB_CURRENT_VERSION = 1;
				DYLIB_INSTALL_NAME_BASE = "@rpath";
				ENABLE_MODULE_VERIFIER = YES;
				GENERATE_INFOPLIST_FILE = YES;
				INFOPLIST_KEY_NSHumanReadableCopyright = "";
				INSTALL_PATH = "$(LOCAL_LIBRARY_DIR)/Frameworks";
				LD_RUNPATH_SEARCH_PATHS = (
					"$(inherited)",
					"@executable_path/../Frameworks",
					"@loader_path/Frameworks",
				);
				MACOSX_DEPLOYMENT_TARGET = 12.0;
				MARKETING_VERSION = 1.0;
				MODULE_VERIFIER_SUPPORTED_LANGUAGES = "objective-c objective-c++";
				MODULE_VERIFIER_SUPPORTED_LANGUAGE_STANDARDS = "gnu17 gnu++20";
				PRODUCT_BUNDLE_IDENTIFIER = yuri.com.EssentialFeed;
				PRODUCT_NAME = "$(TARGET_NAME:c99extidentifier)";
				SKIP_INSTALL = YES;
				SUPPORTED_PLATFORMS = "macosx iphoneos iphonesimulator";
				SWIFT_EMIT_LOC_STRINGS = YES;
				SWIFT_OPTIMIZATION_LEVEL = "-Onone";
				SWIFT_VERSION = 5.0;
			};
			name = Debug;
		};
		1A86E6B62B72F35800DA35ED /* Release */ = {
			isa = XCBuildConfiguration;
			buildSettings = {
				CLANG_ENABLE_MODULES = YES;
				CODE_SIGN_STYLE = Automatic;
				COMBINE_HIDPI_IMAGES = YES;
				CURRENT_PROJECT_VERSION = 1;
				DEFINES_MODULE = YES;
				DEVELOPMENT_TEAM = 272247UTKJ;
				DYLIB_COMPATIBILITY_VERSION = 1;
				DYLIB_CURRENT_VERSION = 1;
				DYLIB_INSTALL_NAME_BASE = "@rpath";
				ENABLE_MODULE_VERIFIER = YES;
				GENERATE_INFOPLIST_FILE = YES;
				INFOPLIST_KEY_NSHumanReadableCopyright = "";
				INSTALL_PATH = "$(LOCAL_LIBRARY_DIR)/Frameworks";
				LD_RUNPATH_SEARCH_PATHS = (
					"$(inherited)",
					"@executable_path/../Frameworks",
					"@loader_path/Frameworks",
				);
				MACOSX_DEPLOYMENT_TARGET = 12.0;
				MARKETING_VERSION = 1.0;
				MODULE_VERIFIER_SUPPORTED_LANGUAGES = "objective-c objective-c++";
				MODULE_VERIFIER_SUPPORTED_LANGUAGE_STANDARDS = "gnu17 gnu++20";
				PRODUCT_BUNDLE_IDENTIFIER = yuri.com.EssentialFeed;
				PRODUCT_NAME = "$(TARGET_NAME:c99extidentifier)";
				SKIP_INSTALL = YES;
				SUPPORTED_PLATFORMS = "macosx iphoneos iphonesimulator";
				SWIFT_EMIT_LOC_STRINGS = YES;
				SWIFT_VERSION = 5.0;
			};
			name = Release;
		};
		1A86E6B82B72F35800DA35ED /* Debug */ = {
			isa = XCBuildConfiguration;
			buildSettings = {
				ALWAYS_EMBED_SWIFT_STANDARD_LIBRARIES = YES;
				CLANG_ENABLE_MODULES = YES;
				CODE_SIGN_STYLE = Automatic;
				CURRENT_PROJECT_VERSION = 1;
				DEVELOPMENT_TEAM = 272247UTKJ;
				GENERATE_INFOPLIST_FILE = YES;
				MACOSX_DEPLOYMENT_TARGET = 12.0;
				MARKETING_VERSION = 1.0;
				PRODUCT_BUNDLE_IDENTIFIER = yuri.com.EssentialFeedTests;
				PRODUCT_NAME = "$(TARGET_NAME)";
				SUPPORTED_PLATFORMS = "macosx iphoneos iphonesimulator";
				SWIFT_EMIT_LOC_STRINGS = NO;
				SWIFT_OPTIMIZATION_LEVEL = "-Onone";
				SWIFT_VERSION = 5.0;
			};
			name = Debug;
		};
		1A86E6B92B72F35800DA35ED /* Release */ = {
			isa = XCBuildConfiguration;
			buildSettings = {
				ALWAYS_EMBED_SWIFT_STANDARD_LIBRARIES = YES;
				CLANG_ENABLE_MODULES = YES;
				CODE_SIGN_STYLE = Automatic;
				CURRENT_PROJECT_VERSION = 1;
				DEVELOPMENT_TEAM = 272247UTKJ;
				GENERATE_INFOPLIST_FILE = YES;
				MACOSX_DEPLOYMENT_TARGET = 12.0;
				MARKETING_VERSION = 1.0;
				PRODUCT_BUNDLE_IDENTIFIER = yuri.com.EssentialFeedTests;
				PRODUCT_NAME = "$(TARGET_NAME)";
				SUPPORTED_PLATFORMS = "macosx iphoneos iphonesimulator";
				SWIFT_EMIT_LOC_STRINGS = NO;
				SWIFT_VERSION = 5.0;
			};
			name = Release;
		};
		1A86E6E82B72F5B500DA35ED /* Debug */ = {
			isa = XCBuildConfiguration;
			buildSettings = {
				CODE_SIGN_STYLE = Automatic;
				CURRENT_PROJECT_VERSION = 1;
				DEVELOPMENT_TEAM = 272247UTKJ;
				GENERATE_INFOPLIST_FILE = YES;
				MACOSX_DEPLOYMENT_TARGET = 12.0;
				MARKETING_VERSION = 1.0;
				PRODUCT_BUNDLE_IDENTIFIER = yuri.com.EssentialFeedAPIEndToEndTests;
				PRODUCT_NAME = "$(TARGET_NAME)";
				SWIFT_EMIT_LOC_STRINGS = NO;
				SWIFT_VERSION = 5.0;
			};
			name = Debug;
		};
		1A86E6E92B72F5B500DA35ED /* Release */ = {
			isa = XCBuildConfiguration;
			buildSettings = {
				CODE_SIGN_STYLE = Automatic;
				CURRENT_PROJECT_VERSION = 1;
				DEVELOPMENT_TEAM = 272247UTKJ;
				GENERATE_INFOPLIST_FILE = YES;
				MACOSX_DEPLOYMENT_TARGET = 12.0;
				MARKETING_VERSION = 1.0;
				PRODUCT_BUNDLE_IDENTIFIER = yuri.com.EssentialFeedAPIEndToEndTests;
				PRODUCT_NAME = "$(TARGET_NAME)";
				SWIFT_EMIT_LOC_STRINGS = NO;
				SWIFT_VERSION = 5.0;
			};
			name = Release;
		};
		1AD296292B86CE2D0058F42B /* Debug */ = {
			isa = XCBuildConfiguration;
			buildSettings = {
				CODE_SIGN_STYLE = Automatic;
				CURRENT_PROJECT_VERSION = 1;
				DEVELOPMENT_TEAM = 272247UTKJ;
				GENERATE_INFOPLIST_FILE = YES;
				MARKETING_VERSION = 1.0;
				PRODUCT_BUNDLE_IDENTIFIER = yuri.com.EssentialFeedCacheIntegrationTests;
				PRODUCT_NAME = "$(TARGET_NAME)";
				SWIFT_EMIT_LOC_STRINGS = NO;
				SWIFT_VERSION = 5.0;
			};
			name = Debug;
		};
		1AD2962A2B86CE2D0058F42B /* Release */ = {
			isa = XCBuildConfiguration;
			buildSettings = {
				CODE_SIGN_STYLE = Automatic;
				CURRENT_PROJECT_VERSION = 1;
				DEVELOPMENT_TEAM = 272247UTKJ;
				GENERATE_INFOPLIST_FILE = YES;
				MARKETING_VERSION = 1.0;
				PRODUCT_BUNDLE_IDENTIFIER = yuri.com.EssentialFeedCacheIntegrationTests;
				PRODUCT_NAME = "$(TARGET_NAME)";
				SWIFT_EMIT_LOC_STRINGS = NO;
				SWIFT_VERSION = 5.0;
			};
			name = Release;
		};
/* End XCBuildConfiguration section */

/* Begin XCConfigurationList section */
		1A86E69C2B72F35800DA35ED /* Build configuration list for PBXProject "EssentialFeed" */ = {
			isa = XCConfigurationList;
			buildConfigurations = (
				1A86E6B22B72F35800DA35ED /* Debug */,
				1A86E6B32B72F35800DA35ED /* Release */,
			);
			defaultConfigurationIsVisible = 0;
			defaultConfigurationName = Release;
		};
		1A86E6B42B72F35800DA35ED /* Build configuration list for PBXNativeTarget "EssentialFeed" */ = {
			isa = XCConfigurationList;
			buildConfigurations = (
				1A86E6B52B72F35800DA35ED /* Debug */,
				1A86E6B62B72F35800DA35ED /* Release */,
			);
			defaultConfigurationIsVisible = 0;
			defaultConfigurationName = Release;
		};
		1A86E6B72B72F35800DA35ED /* Build configuration list for PBXNativeTarget "EssentialFeedTests" */ = {
			isa = XCConfigurationList;
			buildConfigurations = (
				1A86E6B82B72F35800DA35ED /* Debug */,
				1A86E6B92B72F35800DA35ED /* Release */,
			);
			defaultConfigurationIsVisible = 0;
			defaultConfigurationName = Release;
		};
		1A86E6E72B72F5B500DA35ED /* Build configuration list for PBXNativeTarget "EssentialFeedAPIEndToEndTests" */ = {
			isa = XCConfigurationList;
			buildConfigurations = (
				1A86E6E82B72F5B500DA35ED /* Debug */,
				1A86E6E92B72F5B500DA35ED /* Release */,
			);
			defaultConfigurationIsVisible = 0;
			defaultConfigurationName = Release;
		};
		1AD2962B2B86CE2D0058F42B /* Build configuration list for PBXNativeTarget "EssentialFeedCacheIntegrationTests" */ = {
			isa = XCConfigurationList;
			buildConfigurations = (
				1AD296292B86CE2D0058F42B /* Debug */,
				1AD2962A2B86CE2D0058F42B /* Release */,
			);
			defaultConfigurationIsVisible = 0;
			defaultConfigurationName = Release;
		};
/* End XCConfigurationList section */

/* Begin XCVersionGroup section */
		1AD295ED2B8409120058F42B /* FeedStore.xcdatamodeld */ = {
			isa = XCVersionGroup;
			children = (
				1AD295EE2B8409120058F42B /* FeedStore.xcdatamodel */,
			);
			currentVersion = 1AD295EE2B8409120058F42B /* FeedStore.xcdatamodel */;
			path = FeedStore.xcdatamodeld;
			sourceTree = "<group>";
			versionGroupType = wrapper.xcdatamodel;
		};
/* End XCVersionGroup section */
	};
	rootObject = 1A86E6992B72F35800DA35ED /* Project object */;
}
